{
  "version": 4,
  "terraform_version": "1.14.5",
  "serial": 256,
  "lineage": "598574f9-e34e-2738-a2c3-a3199983e653",
  "outputs": {
    "consumer_ip": {
      "value": "164.92.79.93",
      "type": "string"
    },
    "jenkins_ip": {
      "value": "146.190.46.50",
      "type": "string"
    },
    "registry_ip": {
      "value": "137.184.233.17",
      "type": "string"
    }
  },
  "resources": [
    {
      "mode": "managed",
      "type": "digitalocean_droplet",
      "name": "consumer",
      "provider": "provider[\"registry.terraform.io/digitalocean/digitalocean\"]",
      "instances": [
        {
          "schema_version": 1,
          "attributes": {
            "backup_policy": [],
            "backups": false,
            "created_at": "2026-04-29T03:57:23Z",
            "disk": 25,
            "droplet_agent": null,
            "graceful_shutdown": false,
            "id": "567890530",
            "image": "ubuntu-24-04-x64",
            "ipv4_address": "164.92.79.93",
            "ipv4_address_private": "10.124.0.3",
            "ipv6": false,
            "ipv6_address": "",
            "locked": false,
            "memory": 1024,
            "monitoring": false,
            "name": "Devconsumer",
            "price_hourly": 0.00893,
            "price_monthly": 6,
            "private_networking": true,
            "region": "sfo3",
            "resize_disk": true,
            "size": "s-1vcpu-1gb",
            "ssh_keys": [
              "54362202"
            ],
            "status": "active",
            "tags": [
              "consumer"
            ],
            "timeouts": null,
            "urn": "do:droplet:567890530",
            "user_data": "c8274b0b630ecc30b81a9e48756ae853f3d78a4f",
            "vcpus": 1,
            "volume_ids": [],
            "vpc_uuid": "46d027c1-06b3-4569-aedc-abf29f3565d2"
          },
          "sensitive_attributes": [
            [
              {
                "type": "get_attr",
                "value": "user_data"
              }
            ]
          ],
          "identity_schema_version": 0,
          "private": "eyJlMmJmYjczMC1lY2FhLTExZTYtOGY4OC0zNDM2M2JjN2M0YzAiOnsiY3JlYXRlIjozNjAwMDAwMDAwMDAwLCJkZWxldGUiOjYwMDAwMDAwMDAwLCJ1cGRhdGUiOjM2MDAwMDAwMDAwMDB9LCJzY2hlbWFfdmVyc2lvbiI6IjEifQ==",
          "dependencies": [
            "digitalocean_droplet.registry"
          ]
        }
      ]
    },
    {
      "mode": "managed",
      "type": "digitalocean_droplet",
      "name": "jenkins",
      "provider": "provider[\"registry.terraform.io/digitalocean/digitalocean\"]",
      "instances": [
        {
          "schema_version": 1,
          "attributes": {
            "backup_policy": [],
            "backups": false,
            "created_at": "2026-04-29T03:57:24Z",
            "disk": 50,
            "droplet_agent": null,
            "graceful_shutdown": false,
            "id": "567890531",
            "image": "ubuntu-24-04-x64",
            "ipv4_address": "146.190.46.50",
            "ipv4_address_private": "10.124.0.4",
            "ipv6": false,
            "ipv6_address": "",
            "locked": false,
            "memory": 2048,
            "monitoring": false,
            "name": "Devjenkins",
            "price_hourly": 0.02083,
            "price_monthly": 14,
            "private_networking": true,
            "region": "sfo3",
            "resize_disk": true,
            "size": "s-1vcpu-2gb-amd",
            "ssh_keys": [
              "54362202"
            ],
            "status": "active",
            "tags": [
              "jenkins"
            ],
            "timeouts": null,
            "urn": "do:droplet:567890531",
            "user_data": "7406cd95c6fff970f3d08ebacfac542a8d56ac70",
            "vcpus": 1,
            "volume_ids": [],
            "vpc_uuid": "46d027c1-06b3-4569-aedc-abf29f3565d2"
          },
          "sensitive_attributes": [],
          "identity_schema_version": 0,
          "private": "eyJlMmJmYjczMC1lY2FhLTExZTYtOGY4OC0zNDM2M2JjN2M0YzAiOnsiY3JlYXRlIjozNjAwMDAwMDAwMDAwLCJkZWxldGUiOjYwMDAwMDAwMDAwLCJ1cGRhdGUiOjM2MDAwMDAwMDAwMDB9LCJzY2hlbWFfdmVyc2lvbiI6IjEifQ==",
          "dependencies": [
            "digitalocean_droplet.registry"
          ]
        }
      ]
    },
    {
      "mode": "managed",
      "type": "digitalocean_droplet",
      "name": "registry",
      "provider": "provider[\"registry.terraform.io/digitalocean/digitalocean\"]",
      "instances": [
        {
          "schema_version": 1,
          "attributes": {
            "backup_policy": [],
            "backups": false,
            "created_at": "2026-04-29T03:56:50Z",
            "disk": 25,
            "droplet_agent": null,
            "graceful_shutdown": false,
            "id": "567890478",
            "image": "ubuntu-24-04-x64",
            "ipv4_address": "137.184.233.17",
            "ipv4_address_private": "10.124.0.2",
            "ipv6": false,
            "ipv6_address": "",
            "locked": false,
            "memory": 1024,
            "monitoring": false,
            "name": "Devregistry",
            "price_hourly": 0.00893,
            "price_monthly": 6,
            "private_networking": true,
            "region": "sfo3",
            "resize_disk": true,
            "size": "s-1vcpu-1gb",
            "ssh_keys": [
              "54362202"
            ],
            "status": "active",
            "tags": [
              "registry"
            ],
            "timeouts": null,
            "urn": "do:droplet:567890478",
            "user_data": "09cd04dc649455ff1947adc8b1b987572bc85ed3",
            "vcpus": 1,
            "volume_ids": [],
            "vpc_uuid": "46d027c1-06b3-4569-aedc-abf29f3565d2"
          },
          "sensitive_attributes": [],
          "identity_schema_version": 0,
          "private": "eyJlMmJmYjczMC1lY2FhLTExZTYtOGY4OC0zNDM2M2JjN2M0YzAiOnsiY3JlYXRlIjozNjAwMDAwMDAwMDAwLCJkZWxldGUiOjYwMDAwMDAwMDAwLCJ1cGRhdGUiOjM2MDAwMDAwMDAwMDB9LCJzY2hlbWFfdmVyc2lvbiI6IjEifQ=="
        }
      ]
    }
  ],
  "check_results": null
}
